
Microsoft Visual Studio Solution File, Format Version 12.00
Project("{FAE04EC0-301F-11D3-BF4B-00C04F79EFBC}") = "ASP.NETCoreWebApplication1", "ASP.NETCoreWebApplication1.csproj", "{9FFC2602-25D5-4F17-94F5-4DEBAE0F6DBB}"
EndProject
Global
	GlobalSection(SolutionConfigurationPlatforms) = preSolution
		Debug|Any CPU = Debug|Any CPU
		Release|Any CPU = Release|Any CPU
	EndGlobalSection
	GlobalSection(ProjectConfigurationPlatforms) = postSolution
		{9FFC2602-25D5-4F17-94F5-4DEBAE0F6DBB}.Debug|Any CPU.ActiveCfg = Debug|Any CPU
		{9FFC2602-25D5-4F17-94F5-4DEBAE0F6DBB}.Debug|Any CPU.Build.0 = Debug|Any CPU
		{9FFC2602-25D5-4F17-94F5-4DEBAE0F6DBB}.Release|Any CPU.ActiveCfg = Release|Any CPU
		{9FFC2602-25D5-4F17-94F5-4DEBAE0F6DBB}.Release|Any CPU.Build.0 = Release|Any CPU
	EndGlobalSection
EndGlobal
